
Microsoft Visual Studio Solution File, Format Version 12.00
# Visual Studio Version 17
VisualStudioVersion = 17.1.32407.343
MinimumVisualStudioVersion = 10.0.40219.1
Project("{FAE04EC0-301F-11D3-BF4B-00C04F79EFBC}") = "Principal", "Principal\Principal.csproj", "{6A42C731-E662-4EF8-908B-0AFF293B27FB}"
EndProject
Project("{FAE04EC0-301F-11D3-BF4B-00C04F79EFBC}") = "Datos", "Datos\Datos.csproj", "{BB63EB1C-E742-4B8B-B670-8546842260EB}"
EndProject
Global
	GlobalSection(SolutionConfigurationPlatforms) = preSolution
		Debug|Any CPU = Debug|Any CPU
		Release|Any CPU = Release|Any CPU
	EndGlobalSection
	GlobalSection(ProjectConfigurationPlatforms) = postSolution
		{6A42C731-E662-4EF8-908B-0AFF293B27FB}.Debug|Any CPU.ActiveCfg = Debug|Any CPU
		{6A42C731-E662-4EF8-908B-0AFF293B27FB}.Debug|Any CPU.Build.0 = Debug|Any CPU
		{6A42C731-E662-4EF8-908B-0AFF293B27FB}.Release|Any CPU.ActiveCfg = Release|Any CPU
		{6A42C731-E662-4EF8-908B-0AFF293B27FB}.Release|Any CPU.Build.0 = Release|Any CPU
		{BB63EB1C-E742-4B8B-B670-8546842260EB}.Debug|Any CPU.ActiveCfg = Debug|Any CPU
		{BB63EB1C-E742-4B8B-B670-8546842260EB}.Debug|Any CPU.Build.0 = Debug|Any CPU
		{BB63EB1C-E742-4B8B-B670-8546842260EB}.Release|Any CPU.ActiveCfg = Release|Any CPU
		{BB63EB1C-E742-4B8B-B670-8546842260EB}.Release|Any CPU.Build.0 = Release|Any CPU
	EndGlobalSection
	GlobalSection(SolutionProperties) = preSolution
		HideSolutionNode = FALSE
	EndGlobalSection
	GlobalSection(ExtensibilityGlobals) = postSolution
		SolutionGuid = {C25765D3-C73D-4500-B7E4-4570DDADDA9E}
	EndGlobalSection
EndGlobal
